
Microsoft Visual Studio Solution File, Format Version 12.00
# Visual Studio Version 16
VisualStudioVersion = 16.0.28803.452
MinimumVisualStudioVersion = 10.0.40219.1
Project("{FAE04EC0-301F-11D3-BF4B-00C04F79EFBC}") = "BanksPlug.UWP", "BanksPlug\BanksPlug.UWP\BanksPlug.UWP.csproj", "{22388E44-9ADD-4E1A-BE80-7E8B34F264BB}"
EndProject
Project("{FAE04EC0-301F-11D3-BF4B-00C04F79EFBC}") = "BanksPlug.Android", "BanksPlug\BanksPlug.Android\BanksPlug.Android.csproj", "{BA3A294E-3D7E-4B4E-B91E-900510C5255E}"
EndProject
Project("{FAE04EC0-301F-11D3-BF4B-00C04F79EFBC}") = "BanksPlug.iOS", "BanksPlug\BanksPlug.iOS\BanksPlug.iOS.csproj", "{5EDC6EAC-1DA4-4156-A09F-C2B8E30055C2}"
EndProject
Project("{FAE04EC0-301F-11D3-BF4B-00C04F79EFBC}") = "BanksPlug", "BanksPlug\BanksPlug\BanksPlug.csproj", "{E86840B5-0192-46C0-826B-913277CC307C}"
EndProject
Global
	GlobalSection(SolutionConfigurationPlatforms) = preSolution
		Debug|Any CPU = Debug|Any CPU
		Debug|ARM = Debug|ARM
		Debug|iPhone = Debug|iPhone
		Debug|iPhoneSimulator = Debug|iPhoneSimulator
		Debug|x64 = Debug|x64
		Debug|x86 = Debug|x86
		Release|Any CPU = Release|Any CPU
		Release|ARM = Release|ARM
		Release|iPhone = Release|iPhone
		Release|iPhoneSimulator = Release|iPhoneSimulator
		Release|x64 = Release|x64
		Release|x86 = Release|x86
	EndGlobalSection
	GlobalSection(ProjectConfigurationPlatforms) = postSolution
		{22388E44-9ADD-4E1A-BE80-7E8B34F264BB}.Debug|Any CPU.ActiveCfg = Debug|x86
		{22388E44-9ADD-4E1A-BE80-7E8B34F264BB}.Debug|Any CPU.Build.0 = Debug|x86
		{22388E44-9ADD-4E1A-BE80-7E8B34F264BB}.Debug|Any CPU.Deploy.0 = Debug|x86
		{22388E44-9ADD-4E1A-BE80-7E8B34F264BB}.Debug|ARM.ActiveCfg = Debug|ARM
		{22388E44-9ADD-4E1A-BE80-7E8B34F264BB}.Debug|ARM.Build.0 = Debug|ARM
		{22388E44-9ADD-4E1A-BE80-7E8B34F264BB}.Debug|ARM.Deploy.0 = Debug|ARM
		{22388E44-9ADD-4E1A-BE80-7E8B34F264BB}.Debug|iPhone.ActiveCfg = Debug|x86
		{22388E44-9ADD-4E1A-BE80-7E8B34F264BB}.Debug|iPhone.Build.0 = Debug|x86
		{22388E44-9ADD-4E1A-BE80-7E8B34F264BB}.Debug|iPhone.Deploy.0 = Debug|x86
		{22388E44-9ADD-4E1A-BE80-7E8B34F264BB}.Debug|iPhoneSimulator.ActiveCfg = Debug|x86
		{22388E44-9ADD-4E1A-BE80-7E8B34F264BB}.Debug|iPhoneSimulator.Build.0 = Debug|x86
		{22388E44-9ADD-4E1A-BE80-7E8B34F264BB}.Debug|iPhoneSimulator.Deploy.0 = Debug|x86
		{22388E44-9ADD-4E1A-BE80-7E8B34F264BB}.Debug|x64.ActiveCfg = Debug|x64
		{22388E44-9ADD-4E1A-BE80-7E8B34F264BB}.Debug|x64.Build.0 = Debug|x64
		{22388E44-9ADD-4E1A-BE80-7E8B34F264BB}.Debug|x64.Deploy.0 = Debug|x64
		{22388E44-9ADD-4E1A-BE80-7E8B34F264BB}.Debug|x86.ActiveCfg = Debug|x86
		{22388E44-9ADD-4E1A-BE80-7E8B34F264BB}.Debug|x86.Build.0 = Debug|x86
		{22388E44-9ADD-4E1A-BE80-7E8B34F264BB}.Debug|x86.Deploy.0 = Debug|x86
		{22388E44-9ADD-4E1A-BE80-7E8B34F264BB}.Release|Any CPU.ActiveCfg = Release|x86
		{22388E44-9ADD-4E1A-BE80-7E8B34F264BB}.Release|Any CPU.Build.0 = Release|x86
		{22388E44-9ADD-4E1A-BE80-7E8B34F264BB}.Release|Any CPU.Deploy.0 = Release|x86
		{22388E44-9ADD-4E1A-BE80-7E8B34F264BB}.Release|ARM.ActiveCfg = Release|ARM
		{22388E44-9ADD-4E1A-BE80-7E8B34F264BB}.Release|ARM.Build.0 = Release|ARM
		{22388E44-9ADD-4E1A-BE80-7E8B34F264BB}.Release|ARM.Deploy.0 = Release|ARM
		{22388E44-9ADD-4E1A-BE80-7E8B34F264BB}.Release|iPhone.ActiveCfg = Release|x86
		{22388E44-9ADD-4E1A-BE80-7E8B34F264BB}.Release|iPhone.Build.0 = Release|x86
		{22388E44-9ADD-4E1A-BE80-7E8B34F264BB}.Release|iPhone.Deploy.0 = Release|x86
		{22388E44-9ADD-4E1A-BE80-7E8B34F264BB}.Release|iPhoneSimulator.ActiveCfg = Release|x86
		{22388E44-9ADD-4E1A-BE80-7E8B34F264BB}.Release|iPhoneSimulator.Build.0 = Release|x86
		{22388E44-9ADD-4E1A-BE80-7E8B34F264BB}.Release|iPhoneSimulator.Deploy.0 = Release|x86
		{22388E44-9ADD-4E1A-BE80-7E8B34F264BB}.Release|x64.ActiveCfg = Release|x64
		{22388E44-9ADD-4E1A-BE80-7E8B34F264BB}.Release|x64.Build.0 = Release|x64
		{22388E44-9ADD-4E1A-BE80-7E8B34F264BB}.Release|x64.Deploy.0 = Release|x64
		{22388E44-9ADD-4E1A-BE80-7E8B34F264BB}.Release|x86.ActiveCfg = Release|x86
		{22388E44-9ADD-4E1A-BE80-7E8B34F264BB}.Release|x86.Build.0 = Release|x86
		{22388E44-9ADD-4E1A-BE80-7E8B34F264BB}.Release|x86.Deploy.0 = Release|x86
		{BA3A294E-3D7E-4B4E-B91E-900510C5255E}.Debug|Any CPU.ActiveCfg = Debug|Any CPU
		{BA3A294E-3D7E-4B4E-B91E-900510C5255E}.Debug|Any CPU.Build.0 = Debug|Any CPU
		{BA3A294E-3D7E-4B4E-B91E-900510C5255E}.Debug|Any CPU.Deploy.0 = Debug|Any CPU
		{BA3A294E-3D7E-4B4E-B91E-900510C5255E}.Debug|ARM.ActiveCfg = Debug|Any CPU
		{BA3A294E-3D7E-4B4E-B91E-900510C5255E}.Debug|ARM.Build.0 = Debug|Any CPU
		{BA3A294E-3D7E-4B4E-B91E-900510C5255E}.Debug|ARM.Deploy.0 = Debug|Any CPU
		{BA3A294E-3D7E-4B4E-B91E-900510C5255E}.Debug|iPhone.ActiveCfg = Debug|Any CPU
		{BA3A294E-3D7E-4B4E-B91E-900510C5255E}.Debug|iPhone.Build.0 = Debug|Any CPU
		{BA3A294E-3D7E-4B4E-B91E-900510C5255E}.Debug|iPhone.Deploy.0 = Debug|Any CPU
		{BA3A294E-3D7E-4B4E-B91E-900510C5255E}.Debug|iPhoneSimulator.ActiveCfg = Debug|Any CPU
		{BA3A294E-3D7E-4B4E-B91E-900510C5255E}.Debug|iPhoneSimulator.Build.0 = Debug|Any CPU
		{BA3A294E-3D7E-4B4E-B91E-900510C5255E}.Debug|iPhoneSimulator.Deploy.0 = Debug|Any CPU
		{BA3A294E-3D7E-4B4E-B91E-900510C5255E}.Debug|x64.ActiveCfg = Debug|Any CPU
		{BA3A294E-3D7E-4B4E-B91E-900510C5255E}.Debug|x64.Build.0 = Debug|Any CPU
		{BA3A294E-3D7E-4B4E-B91E-900510C5255E}.Debug|x64.Deploy.0 = Debug|Any CPU
		{BA3A294E-3D7E-4B4E-B91E-900510C5255E}.Debug|x86.ActiveCfg = Debug|Any CPU
		{BA3A294E-3D7E-4B4E-B91E-900510C5255E}.Debug|x86.Build.0 = Debug|Any CPU
		{BA3A294E-3D7E-4B4E-B91E-900510C5255E}.Debug|x86.Deploy.0 = Debug|Any CPU
		{BA3A294E-3D7E-4B4E-B91E-900510C5255E}.Release|Any CPU.ActiveCfg = Release|Any CPU
		{BA3A294E-3D7E-4B4E-B91E-900510C5255E}.Release|Any CPU.Build.0 = Release|Any CPU
		{BA3A294E-3D7E-4B4E-B91E-900510C5255E}.Release|Any CPU.Deploy.0 = Release|Any CPU
		{BA3A294E-3D7E-4B4E-B91E-900510C5255E}.Release|ARM.ActiveCfg = Release|Any CPU
		{BA3A294E-3D7E-4B4E-B91E-900510C5255E}.Release|ARM.Build.0 = Release|Any CPU
		{BA3A294E-3D7E-4B4E-B91E-900510C5255E}.Release|ARM.Deploy.0 = Release|Any CPU
		{BA3A294E-3D7E-4B4E-B91E-900510C5255E}.Release|iPhone.ActiveCfg = Release|Any CPU
		{BA3A294E-3D7E-4B4E-B91E-900510C5255E}.Release|iPhone.Build.0 = Release|Any CPU
		{BA3A294E-3D7E-4B4E-B91E-900510C5255E}.Release|iPhone.Deploy.0 = Release|Any CPU
		{BA3A294E-3D7E-4B4E-B91E-900510C5255E}.Release|iPhoneSimulator.ActiveCfg = Release|Any CPU
		{BA3A294E-3D7E-4B4E-B91E-900510C5255E}.Release|iPhoneSimulator.Build.0 = Release|Any CPU
		{BA3A294E-3D7E-4B4E-B91E-900510C5255E}.Release|iPhoneSimulator.Deploy.0 = Release|Any CPU
		{BA3A294E-3D7E-4B4E-B91E-900510C5255E}.Release|x64.ActiveCfg = Release|Any CPU
		{BA3A294E-3D7E-4B4E-B91E-900510C5255E}.Release|x64.Build.0 = Release|Any CPU
		{BA3A294E-3D7E-4B4E-B91E-900510C5255E}.Release|x64.Deploy.0 = Release|Any CPU
		{BA3A294E-3D7E-4B4E-B91E-900510C5255E}.Release|x86.ActiveCfg = Release|Any CPU
		{BA3A294E-3D7E-4B4E-B91E-900510C5255E}.Release|x86.Build.0 = Release|Any CPU
		{BA3A294E-3D7E-4B4E-B91E-900510C5255E}.Release|x86.Deploy.0 = Release|Any CPU
		{5EDC6EAC-1DA4-4156-A09F-C2B8E30055C2}.Debug|Any CPU.ActiveCfg = Debug|iPhone
		{5EDC6EAC-1DA4-4156-A09F-C2B8E30055C2}.Debug|Any CPU.Build.0 = Debug|iPhone
		{5EDC6EAC-1DA4-4156-A09F-C2B8E30055C2}.Debug|Any CPU.Deploy.0 = Debug|iPhone
		{5EDC6EAC-1DA4-4156-A09F-C2B8E30055C2}.Debug|ARM.ActiveCfg = Debug|iPhoneSimulator
		{5EDC6EAC-1DA4-4156-A09F-C2B8E30055C2}.Debug|ARM.Build.0 = Debug|iPhoneSimulator
		{5EDC6EAC-1DA4-4156-A09F-C2B8E30055C2}.Debug|ARM.Deploy.0 = Debug|iPhoneSimulator
		{5EDC6EAC-1DA4-4156-A09F-C2B8E30055C2}.Debug|iPhone.ActiveCfg = Debug|iPhone
		{5EDC6EAC-1DA4-4156-A09F-C2B8E30055C2}.Debug|iPhone.Build.0 = Debug|iPhone
		{5EDC6EAC-1DA4-4156-A09F-C2B8E30055C2}.Debug|iPhone.Deploy.0 = Debug|iPhone
		{5EDC6EAC-1DA4-4156-A09F-C2B8E30055C2}.Debug|iPhoneSimulator.ActiveCfg = Debug|iPhoneSimulator
		{5EDC6EAC-1DA4-4156-A09F-C2B8E30055C2}.Debug|iPhoneSimulator.Build.0 = Debug|iPhoneSimulator
		{5EDC6EAC-1DA4-4156-A09F-C2B8E30055C2}.Debug|iPhoneSimulator.Deploy.0 = Debug|iPhoneSimulator
		{5EDC6EAC-1DA4-4156-A09F-C2B8E30055C2}.Debug|x64.ActiveCfg = Debug|iPhone
		{5EDC6EAC-1DA4-4156-A09F-C2B8E30055C2}.Debug|x64.Build.0 = Debug|iPhone
		{5EDC6EAC-1DA4-4156-A09F-C2B8E30055C2}.Debug|x64.Deploy.0 = Debug|iPhone
		{5EDC6EAC-1DA4-4156-A09F-C2B8E30055C2}.Debug|x86.ActiveCfg = Debug|iPhone
		{5EDC6EAC-1DA4-4156-A09F-C2B8E30055C2}.Debug|x86.Build.0 = Debug|iPhone
		{5EDC6EAC-1DA4-4156-A09F-C2B8E30055C2}.Debug|x86.Deploy.0 = Debug|iPhone
		{5EDC6EAC-1DA4-4156-A09F-C2B8E30055C2}.Release|Any CPU.ActiveCfg = Release|iPhone
		{5EDC6EAC-1DA4-4156-A09F-C2B8E30055C2}.Release|Any CPU.Build.0 = Release|iPhone
		{5EDC6EAC-1DA4-4156-A09F-C2B8E30055C2}.Release|Any CPU.Deploy.0 = Release|iPhone
		{5EDC6EAC-1DA4-4156-A09F-C2B8E30055C2}.Release|ARM.ActiveCfg = Release|iPhone
		{5EDC6EAC-1DA4-4156-A09F-C2B8E30055C2}.Release|ARM.Build.0 = Release|iPhone
		{5EDC6EAC-1DA4-4156-A09F-C2B8E30055C2}.Release|ARM.Deploy.0 = Release|iPhone
		{5EDC6EAC-1DA4-4156-A09F-C2B8E30055C2}.Release|iPhone.ActiveCfg = Release|iPhone
		{5EDC6EAC-1DA4-4156-A09F-C2B8E30055C2}.Release|iPhone.Build.0 = Release|iPhone
		{5EDC6EAC-1DA4-4156-A09F-C2B8E30055C2}.Release|iPhone.Deploy.0 = Release|iPhone
		{5EDC6EAC-1DA4-4156-A09F-C2B8E30055C2}.Release|iPhoneSimulator.ActiveCfg = Release|iPhoneSimulator
		{5EDC6EAC-1DA4-4156-A09F-C2B8E30055C2}.Release|iPhoneSimulator.Build.0 = Release|iPhoneSimulator
		{5EDC6EAC-1DA4-4156-A09F-C2B8E30055C2}.Release|iPhoneSimulator.Deploy.0 = Release|iPhoneSimulator
		{5EDC6EAC-1DA4-4156-A09F-C2B8E30055C2}.Release|x64.ActiveCfg = Release|iPhone
		{5EDC6EAC-1DA4-4156-A09F-C2B8E30055C2}.Release|x64.Build.0 = Release|iPhone
		{5EDC6EAC-1DA4-4156-A09F-C2B8E30055C2}.Release|x64.Deploy.0 = Release|iPhone
		{5EDC6EAC-1DA4-4156-A09F-C2B8E30055C2}.Release|x86.ActiveCfg = Release|iPhone
		{5EDC6EAC-1DA4-4156-A09F-C2B8E30055C2}.Release|x86.Build.0 = Release|iPhone
		{5EDC6EAC-1DA4-4156-A09F-C2B8E30055C2}.Release|x86.Deploy.0 = Release|iPhone
		{E86840B5-0192-46C0-826B-913277CC307C}.Debug|Any CPU.ActiveCfg = Debug|Any CPU
		{E86840B5-0192-46C0-826B-913277CC307C}.Debug|Any CPU.Build.0 = Debug|Any CPU
		{E86840B5-0192-46C0-826B-913277CC307C}.Debug|Any CPU.Deploy.0 = Debug|Any CPU
		{E86840B5-0192-46C0-826B-913277CC307C}.Debug|ARM.ActiveCfg = Debug|Any CPU
		{E86840B5-0192-46C0-826B-913277CC307C}.Debug|ARM.Build.0 = Debug|Any CPU
		{E86840B5-0192-46C0-826B-913277CC307C}.Debug|ARM.Deploy.0 = Debug|Any CPU
		{E86840B5-0192-46C0-826B-913277CC307C}.Debug|iPhone.ActiveCfg = Debug|Any CPU
		{E86840B5-0192-46C0-826B-913277CC307C}.Debug|iPhone.Build.0 = Debug|Any CPU
		{E86840B5-0192-46C0-826B-913277CC307C}.Debug|iPhone.Deploy.0 = Debug|Any CPU
		{E86840B5-0192-46C0-826B-913277CC307C}.Debug|iPhoneSimulator.ActiveCfg = Debug|Any CPU
		{E86840B5-0192-46C0-826B-913277CC307C}.Debug|iPhoneSimulator.Build.0 = Debug|Any CPU
		{E86840B5-0192-46C0-826B-913277CC307C}.Debug|iPhoneSimulator.Deploy.0 = Debug|Any CPU
		{E86840B5-0192-46C0-826B-913277CC307C}.Debug|x64.ActiveCfg = Debug|Any CPU
		{E86840B5-0192-46C0-826B-913277CC307C}.Debug|x64.Build.0 = Debug|Any CPU
		{E86840B5-0192-46C0-826B-913277CC307C}.Debug|x64.Deploy.0 = Debug|Any CPU
		{E86840B5-0192-46C0-826B-913277CC307C}.Debug|x86.ActiveCfg = Debug|Any CPU
		{E86840B5-0192-46C0-826B-913277CC307C}.Debug|x86.Build.0 = Debug|Any CPU
		{E86840B5-0192-46C0-826B-913277CC307C}.Debug|x86.Deploy.0 = Debug|Any CPU
		{E86840B5-0192-46C0-826B-913277CC307C}.Release|Any CPU.ActiveCfg = Release|Any CPU
		{E86840B5-0192-46C0-826B-913277CC307C}.Release|Any CPU.Build.0 = Release|Any CPU
		{E86840B5-0192-46C0-826B-913277CC307C}.Release|Any CPU.Deploy.0 = Release|Any CPU
		{E86840B5-0192-46C0-826B-913277CC307C}.Release|ARM.ActiveCfg = Release|Any CPU
		{E86840B5-0192-46C0-826B-913277CC307C}.Release|ARM.Build.0 = Release|Any CPU
		{E86840B5-0192-46C0-826B-913277CC307C}.Release|ARM.Deploy.0 = Release|Any CPU
		{E86840B5-0192-46C0-826B-913277CC307C}.Release|iPhone.ActiveCfg = Release|Any CPU
		{E86840B5-0192-46C0-826B-913277CC307C}.Release|iPhone.Build.0 = Release|Any CPU
		{E86840B5-0192-46C0-826B-913277CC307C}.Release|iPhone.Deploy.0 = Release|Any CPU
		{E86840B5-0192-46C0-826B-913277CC307C}.Release|iPhoneSimulator.ActiveCfg = Release|Any CPU
		{E86840B5-0192-46C0-826B-913277CC307C}.Release|iPhoneSimulator.Build.0 = Release|Any CPU
		{E86840B5-0192-46C0-826B-913277CC307C}.Release|iPhoneSimulator.Deploy.0 = Release|Any CPU
		{E86840B5-0192-46C0-826B-913277CC307C}.Release|x64.ActiveCfg = Release|Any CPU
		{E86840B5-0192-46C0-826B-913277CC307C}.Release|x64.Build.0 = Release|Any CPU
		{E86840B5-0192-46C0-826B-913277CC307C}.Release|x64.Deploy.0 = Release|Any CPU
		{E86840B5-0192-46C0-826B-913277CC307C}.Release|x86.ActiveCfg = Release|Any CPU
		{E86840B5-0192-46C0-826B-913277CC307C}.Release|x86.Build.0 = Release|Any CPU
		{E86840B5-0192-46C0-826B-913277CC307C}.Release|x86.Deploy.0 = Release|Any CPU
	EndGlobalSection
	GlobalSection(SolutionProperties) = preSolution
		HideSolutionNode = FALSE
	EndGlobalSection
	GlobalSection(ExtensibilityGlobals) = postSolution
		SolutionGuid = {351FD166-A0ED-4A86-8960-2B79326610BC}
	EndGlobalSection
EndGlobal
